// !$*UTF8*$!
{
	archiveVersion = 1;
	classes = {
	};
	objectVersion = 46;
	objects = {

/* Begin PBXBuildFile section */
		9B908AE51B31532300C0116F /* AppDelegate.swift in Sources */ = {isa = PBXBuildFile; fileRef = 9B908AE41B31532300C0116F /* AppDelegate.swift */; };
		9B908AE71B31532300C0116F /* ViewController.swift in Sources */ = {isa = PBXBuildFile; fileRef = 9B908AE61B31532300C0116F /* ViewController.swift */; };
		9B908AEA1B31532300C0116F /* Main.storyboard in Resources */ = {isa = PBXBuildFile; fileRef = 9B908AE81B31532300C0116F /* Main.storyboard */; };
		9B908AEC1B31532300C0116F /* Images.xcassets in Resources */ = {isa = PBXBuildFile; fileRef = 9B908AEB1B31532300C0116F /* Images.xcassets */; };
		9B908AEF1B31532300C0116F /* LaunchScreen.xib in Resources */ = {isa = PBXBuildFile; fileRef = 9B908AED1B31532300C0116F /* LaunchScreen.xib */; };
		9B908AFB1B31532400C0116F /* CustomSliderTests.swift in Sources */ = {isa = PBXBuildFile; fileRef = 9B908AFA1B31532400C0116F /* CustomSliderTests.swift */; };
		9B908B051B31578500C0116F /* RangeSlider.swift in Sources */ = {isa = PBXBuildFile; fileRef = 9B908B041B31578500C0116F /* RangeSlider.swift */; };
		9B908B071B316E5700C0116F /* RangeSliderThumbLayer.swift in Sources */ = {isa = PBXBuildFile; fileRef = 9B908B061B316E5700C0116F /* RangeSliderThumbLayer.swift */; };
		9B908B091B31754F00C0116F /* RangeSliderTrackLayer.swift in Sources */ = {isa = PBXBuildFile; fileRef = 9B908B081B31754F00C0116F /* RangeSliderTrackLayer.swift */; };
/* End PBXBuildFile section */

/* Begin PBXContainerItemProxy section */
		9B908AF51B31532400C0116F /* PBXContainerItemProxy */ = {
			isa = PBXContainerItemProxy;
			containerPortal = 9B908AD71B31532300C0116F /* Project object */;
			proxyType = 1;
			remoteGlobalIDString = 9B908ADE1B31532300C0116F;
			remoteInfo = CustomSlider;
		};
/* End PBXContainerItemProxy section */

/* Begin PBXFileReference section */
		9B908ADF1B31532300C0116F /* CustomSlider.app */ = {isa = PBXFileReference; explicitFileType = wrapper.application; includeInIndex = 0; path = CustomSlider.app; sourceTree = BUILT_PRODUCTS_DIR; };
		9B908AE31B31532300C0116F /* Info.plist */ = {isa = PBXFileReference; lastKnownFileType = text.plist.xml; path = Info.plist; sourceTree = "<group>"; };
		9B908AE41B31532300C0116F /* AppDelegate.swift */ = {isa = PBXFileReference; lastKnownFileType = sourcecode.swift; path = AppDelegate.swift; sourceTree = "<group>"; };
		9B908AE61B31532300C0116F /* ViewController.swift */ = {isa = PBXFileReference; lastKnownFileType = sourcecode.swift; path = ViewController.swift; sourceTree = "<group>"; };
		9B908AE91B31532300C0116F /* Base */ = {isa = PBXFileReference; lastKnownFileType = file.storyboard; name = Base; path = Base.lproj/Main.storyboard; sourceTree = "<group>"; };
		9B908AEB1B31532300C0116F /* Images.xcassets */ = {isa = PBXFileReference; lastKnownFileType = folder.assetcatalog; path = Images.xcassets; sourceTree = "<group>"; };
		9B908AEE1B31532300C0116F /* Base */ = {isa = PBXFileReference; lastKnownFileType = file.xib; name = Base; path = Base.lproj/LaunchScreen.xib; sourceTree = "<group>"; };
		9B908AF41B31532400C0116F /* CustomSliderTests.xctest */ = {isa = PBXFileReference; explicitFileType = wrapper.cfbundle; includeInIndex = 0; path = CustomSliderTests.xctest; sourceTree = BUILT_PRODUCTS_DIR; };
		9B908AF91B31532400C0116F /* Info.plist */ = {isa = PBXFileReference; lastKnownFileType = text.plist.xml; path = Info.plist; sourceTree = "<group>"; };
		9B908AFA1B31532400C0116F /* CustomSliderTests.swift */ = {isa = PBXFileReference; lastKnownFileType = sourcecode.swift; path = CustomSliderTests.swift; sourceTree = "<group>"; };
		9B908B041B31578500C0116F /* RangeSlider.swift */ = {isa = PBXFileReference; fileEncoding = 4; lastKnownFileType = sourcecode.swift; path = RangeSlider.swift; sourceTree = "<group>"; };
		9B908B061B316E5700C0116F /* RangeSliderThumbLayer.swift */ = {isa = PBXFileReference; fileEncoding = 4; lastKnownFileType = sourcecode.swift; path = RangeSliderThumbLayer.swift; sourceTree = "<group>"; };
		9B908B081B31754F00C0116F /* RangeSliderTrackLayer.swift */ = {isa = PBXFileReference; fileEncoding = 4; lastKnownFileType = sourcecode.swift; path = RangeSliderTrackLayer.swift; sourceTree = "<group>"; };
/* End PBXFileReference section */

/* Begin PBXFrameworksBuildPhase section */
		9B908ADC1B31532300C0116F /* Frameworks */ = {
			isa = PBXFrameworksBuildPhase;
			buildActionMask = 2147483647;
			files = (
			);
			runOnlyForDeploymentPostprocessing = 0;
		};
		9B908AF11B31532400C0116F /* Frameworks */ = {
			isa = PBXFrameworksBuildPhase;
			buildActionMask = 2147483647;
			files = (
			);
			runOnlyForDeploymentPostprocessing = 0;
		};
/* End PBXFrameworksBuildPhase section */

/* Begin PBXGroup section */
		9B908AD61B31532300C0116F = {
			isa = PBXGroup;
			children = (
				9B908AE11B31532300C0116F /* CustomSlider */,
				9B908AF71B31532400C0116F /* CustomSliderTests */,
				9B908AE01B31532300C0116F /* Products */,
			);
			sourceTree = "<group>";
		};
		9B908AE01B31532300C0116F /* Products */ = {
			isa = PBXGroup;
			children = (
				9B908ADF1B31532300C0116F /* CustomSlider.app */,
				9B908AF41B31532400C0116F /* CustomSliderTests.xctest */,
			);
			name = Products;
			sourceTree = "<group>";
		};
		9B908AE11B31532300C0116F /* CustomSlider */ = {
			isa = PBXGroup;
			children = (
				9B908AE41B31532300C0116F /* AppDelegate.swift */,
				9B908AE61B31532300C0116F /* ViewController.swift */,
				9B908B041B31578500C0116F /* RangeSlider.swift */,
				9B908B061B316E5700C0116F /* RangeSliderThumbLayer.swift */,
				9B908B081B31754F00C0116F /* RangeSliderTrackLayer.swift */,
				9B908AE81B31532300C0116F /* Main.storyboard */,
				9B908AEB1B31532300C0116F /* Images.xcassets */,
				9B908AED1B31532300C0116F /* LaunchScreen.xib */,
				9B908AE21B31532300C0116F /* Supporting Files */,
			);
			path = CustomSlider;
			sourceTree = "<group>";
		};
		9B908AE21B31532300C0116F /* Supporting Files */ = {
			isa = PBXGroup;
			children = (
				9B908AE31B31532300C0116F /* Info.plist */,
			);
			name = "Supporting Files";
			sourceTree = "<group>";
		};
		9B908AF71B31532400C0116F /* CustomSliderTests */ = {
			isa = PBXGroup;
			children = (
				9B908AFA1B31532400C0116F /* CustomSliderTests.swift */,
				9B908AF81B31532400C0116F /* Supporting Files */,
			);
			path = CustomSliderTests;
			sourceTree = "<group>";
		};
		9B908AF81B31532400C0116F /* Supporting Files */ = {
			isa = PBXGroup;
			children = (
				9B908AF91B31532400C0116F /* Info.plist */,
			);
			name = "Supporting Files";
			sourceTree = "<group>";
		};
/* End PBXGroup section */

/* Begin PBXNativeTarget section */
		9B908ADE1B31532300C0116F /* CustomSlider */ = {
			isa = PBXNativeTarget;
			buildConfigurationList = 9B908AFE1B31532400C0116F /* Build configuration list for PBXNativeTarget "CustomSlider" */;
			buildPhases = (
				9B908ADB1B31532300C0116F /* Sources */,
				9B908ADC1B31532300C0116F /* Frameworks */,
				9B908ADD1B31532300C0116F /* Resources */,
			);
			buildRules = (
			);
			dependencies = (
			);
			name = CustomSlider;
			productName = CustomSlider;
			productReference = 9B908ADF1B31532300C0116F /* CustomSlider.app */;
			productType = "com.apple.product-type.application";
		};
		9B908AF31B31532400C0116F /* CustomSliderTests */ = {
			isa = PBXNativeTarget;
			buildConfigurationList = 9B908B011B31532400C0116F /* Build configuration list for PBXNativeTarget "CustomSliderTests" */;
			buildPhases = (
				9B908AF01B31532400C0116F /* Sources */,
				9B908AF11B31532400C0116F /* Frameworks */,
				9B908AF21B31532400C0116F /* Resources */,
			);
			buildRules = (
			);
			dependencies = (
				9B908AF61B31532400C0116F /* PBXTargetDependency */,
			);
			name = CustomSliderTests;
			productName = CustomSliderTests;
			productReference = 9B908AF41B31532400C0116F /* CustomSliderTests.xctest */;
			productType = "com.apple.product-type.bundle.unit-test";
		};
/* End PBXNativeTarget section */

/* Begin PBXProject section */
		9B908AD71B31532300C0116F /* Project object */ = {
			isa = PBXProject;
			attributes = {
				LastUpgradeCheck = 0630;
				ORGANIZATIONNAME = Havi;
				TargetAttributes = {
					9B908ADE1B31532300C0116F = {
						CreatedOnToolsVersion = 6.3.2;
					};
					9B908AF31B31532400C0116F = {
						CreatedOnToolsVersion = 6.3.2;
						TestTargetID = 9B908ADE1B31532300C0116F;
					};
				};
			};
			buildConfigurationList = 9B908ADA1B31532300C0116F /* Build configuration list for PBXProject "CustomSlider" */;
			compatibilityVersion = "Xcode 3.2";
			developmentRegion = English;
			hasScannedForEncodings = 0;
			knownRegions = (
				en,
				Base,
			);
			mainGroup = 9B908AD61B31532300C0116F;
			productRefGroup = 9B908AE01B31532300C0116F /* Products */;
			projectDirPath = "";
			projectRoot = "";
			targets = (
				9B908ADE1B31532300C0116F /* CustomSlider */,
				9B908AF31B31532400C0116F /* CustomSliderTests */,
			);
		};
/* End PBXProject section */

/* Begin PBXResourcesBuildPhase section */
		9B908ADD1B31532300C0116F /* Resources */ = {
			isa = PBXResourcesBuildPhase;
			buildActionMask = 2147483647;
			files = (
				9B908AEA1B31532300C0116F /* Main.storyboard in Resources */,
				9B908AEF1B31532300C0116F /* LaunchScreen.xib in Resources */,
				9B908AEC1B31532300C0116F /* Images.xcassets in Resources */,
			);
			runOnlyForDeploymentPostprocessing = 0;
		};
		9B908AF21B31532400C0116F /* Resources */ = {
			isa = PBXResourcesBuildPhase;
			buildActionMask = 2147483647;
			files = (
			);
			runOnlyForDeploymentPostprocessing = 0;
		};
/* End PBXResourcesBuildPhase section */

/* Begin PBXSourcesBuildPhase section */
		9B908ADB1B31532300C0116F /* Sources */ = {
			isa = PBXSourcesBuildPhase;
			buildActionMask = 2147483647;
			files = (
				9B908AE71B31532300C0116F /* ViewController.swift in Sources */,
				9B908B091B31754F00C0116F /* RangeSliderTrackLayer.swift in Sources */,
				9B908B051B31578500C0116F /* RangeSlider.swift in Sources */,
				9B908AE51B31532300C0116F /* AppDelegate.swift in Sources */,
				9B908B071B316E5700C0116F /* RangeSliderThumbLayer.swift in Sources */,
			);
			runOnlyForDeploymentPostprocessing = 0;
		};
		9B908AF01B31532400C0116F /* Sources */ = {
			isa = PBXSourcesBuildPhase;
			buildActionMask = 2147483647;
			files = (
				9B908AFB1B31532400C0116F /* CustomSliderTests.swift in Sources */,
			);
			runOnlyForDeploymentPostprocessing = 0;
		};
/* End PBXSourcesBuildPhase section */

/* Begin PBXTargetDependency section */
		9B908AF61B31532400C0116F /* PBXTargetDependency */ = {
			isa = PBXTargetDependency;
			target = 9B908ADE1B31532300C0116F /* CustomSlider */;
			targetProxy = 9B908AF51B31532400C0116F /* PBXContainerItemProxy */;
		};
/* End PBXTargetDependency section */

/* Begin PBXVariantGroup section */
		9B908AE81B31532300C0116F /* Main.storyboard */ = {
			isa = PBXVariantGroup;
			children = (
				9B908AE91B31532300C0116F /* Base */,
			);
			name = Main.storyboard;
			sourceTree = "<group>";
		};
		9B908AED1B31532300C0116F /* LaunchScreen.xib */ = {
			isa = PBXVariantGroup;
			children = (
				9B908AEE1B31532300C0116F /* Base */,
			);
			name = LaunchScreen.xib;
			sourceTree = "<group>";
		};
/* End PBXVariantGroup section */

/* Begin XCBuildConfiguration section */
		9B908AFC1B31532400C0116F /* Debug */ = {
			isa = XCBuildConfiguration;
			buildSettings = {
				ALWAYS_SEARCH_USER_PATHS = NO;
				CLANG_CXX_LANGUAGE_STANDARD = "gnu++0x";
				CLANG_CXX_LIBRARY = "libc++";
				CLANG_ENABLE_MODULES = YES;
				CLANG_ENABLE_OBJC_ARC = YES;
				CLANG_WARN_BOOL_CONVERSION = YES;
				CLANG_WARN_CONSTANT_CONVERSION = YES;
				CLANG_WARN_DIRECT_OBJC_ISA_USAGE = YES_ERROR;
				CLANG_WARN_EMPTY_BODY = YES;
				CLANG_WARN_ENUM_CONVERSION = YES;
				CLANG_WARN_INT_CONVERSION = YES;
				CLANG_WARN_OBJC_ROOT_CLASS = YES_ERROR;
				CLANG_WARN_UNREACHABLE_CODE = YES;
				CLANG_WARN__DUPLICATE_METHOD_MATCH = YES;
				"CODE_SIGN_IDENTITY[sdk=iphoneos*]" = "iPhone Developer";
				COPY_PHASE_STRIP = NO;
				DEBUG_INFORMATION_FORMAT = "dwarf-with-dsym";
				ENABLE_STRICT_OBJC_MSGSEND = YES;
				GCC_C_LANGUAGE_STANDARD = gnu99;
				GCC_DYNAMIC_NO_PIC = NO;
				GCC_NO_COMMON_BLOCKS = YES;
				GCC_OPTIMIZATION_LEVEL = 0;
				GCC_PREPROCESSOR_DEFINITIONS = (
					"DEBUG=1",
					"$(inherited)",
				);
				GCC_SYMBOLS_PRIVATE_EXTERN = NO;
				GCC_WARN_64_TO_32_BIT_CONVERSION = YES;
				GCC_WARN_ABOUT_RETURN_TYPE = YES_ERROR;
				GCC_WARN_UNDECLARED_SELECTOR = YES;
				GCC_WARN_UNINITIALIZED_AUTOS = YES_AGGRESSIVE;
				GCC_WARN_UNUSED_FUNCTION = YES;
				GCC_WARN_UNUSED_VARIABLE = YES;
				IPHONEOS_DEPLOYMENT_TARGET = 8.3;
				MTL_ENABLE_DEBUG_INFO = YES;
				ONLY_ACTIVE_ARCH = YES;
				SDKROOT = iphoneos;
				SWIFT_OPTIMIZATION_LEVEL = "-Onone";
			};
			name = Debug;
		};
		9B908AFD1B31532400C0116F /* Release */ = {
			isa = XCBuildConfiguration;
			buildSettings = {
				ALWAYS_SEARCH_USER_PATHS = NO;
				CLANG_CXX_LANGUAGE_STANDARD = "gnu++0x";
				CLANG_CXX_LIBRARY = "libc++";
				CLANG_ENABLE_MODULES = YES;
				CLANG_ENABLE_OBJC_ARC = YES;
				CLANG_WARN_BOOL_CONVERSION = YES;
				CLANG_WARN_CONSTANT_CONVERSION = YES;
				CLANG_WARN_DIRECT_OBJC_ISA_USAGE = YES_ERROR;
				CLANG_WARN_EMPTY_BODY = YES;
				CLANG_WARN_ENUM_CONVERSION = YES;
				CLANG_WARN_INT_CONVERSION = YES;
				CLANG_WARN_OBJC_ROOT_CLASS = YES_ERROR;
				CLANG_WARN_UNREACHABLE_CODE = YES;
				CLANG_WARN__DUPLICATE_METHOD_MATCH = YES;
				"CODE_SIGN_IDENTITY[sdk=iphoneos*]" = "iPhone Developer";
				COPY_PHASE_STRIP = NO;
				DEBUG_INFORMATION_FORMAT = "dwarf-with-dsym";
				ENABLE_NS_ASSERTIONS = NO;
				ENABLE_STRICT_OBJC_MSGSEND = YES;
				GCC_C_LANGUAGE_STANDARD = gnu99;
				GCC_NO_COMMON_BLOCKS = YES;
				GCC_WARN_64_TO_32_BIT_CONVERSION = YES;
				GCC_WARN_ABOUT_RETURN_TYPE = YES_ERROR;
				GCC_WARN_UNDECLARED_SELECTOR = YES;
				GCC_WARN_UNINITIALIZED_AUTOS = YES_AGGRESSIVE;
				GCC_WARN_UNUSED_FUNCTION = YES;
				GCC_WARN_UNUSED_VARIABLE = YES;
				IPHONEOS_DEPLOYMENT_TARGET = 8.3;
				MTL_ENABLE_DEBUG_INFO = NO;
				SDKROOT = iphoneos;
				VALIDATE_PRODUCT = YES;
			};
			name = Release;
		};
		9B908AFF1B31532400C0116F /* Debug */ = {
			isa = XCBuildConfiguration;
			buildSettings = {
				ASSETCATALOG_COMPILER_APPICON_NAME = AppIcon;
				INFOPLIST_FILE = CustomSlider/Info.plist;
				LD_RUNPATH_SEARCH_PATHS = "$(inherited) @executable_path/Frameworks";
				PRODUCT_NAME = "$(TARGET_NAME)";
			};
			name = Debug;
		};
		9B908B001B31532400C0116F /* Release */ = {
			isa = XCBuildConfiguration;
			buildSettings = {
				ASSETCATALOG_COMPILER_APPICON_NAME = AppIcon;
				INFOPLIST_FILE = CustomSlider/Info.plist;
				LD_RUNPATH_SEARCH_PATHS = "$(inherited) @executable_path/Frameworks";
				PRODUCT_NAME = "$(TARGET_NAME)";
			};
			name = Release;
		};
		9B908B021B31532400C0116F /* Debug */ = {
			isa = XCBuildConfiguration;
			buildSettings = {
				BUNDLE_LOADER = "$(TEST_HOST)";
				FRAMEWORK_SEARCH_PATHS = (
					"$(SDKROOT)/Developer/Library/Frameworks",
					"$(inherited)",
				);
				GCC_PREPROCESSOR_DEFINITIONS = (
					"DEBUG=1",
					"$(inherited)",
				);
				INFOPLIST_FILE = CustomSliderTests/Info.plist;
				LD_RUNPATH_SEARCH_PATHS = "$(inherited) @executable_path/Frameworks @loader_path/Frameworks";
				PRODUCT_NAME = "$(TARGET_NAME)";
				TEST_HOST = "$(BUILT_PRODUCTS_DIR)/CustomSlider.app/CustomSlider";
			};
			name = Debug;
		};
		9B908B031B31532400C0116F /* Release */ = {
			isa = XCBuildConfiguration;
			buildSettings = {
				BUNDLE_LOADER = "$(TEST_HOST)";
				FRAMEWORK_SEARCH_PATHS = (
					"$(SDKROOT)/Developer/Library/Frameworks",
					"$(inherited)",
				);
				INFOPLIST_FILE = CustomSliderTests/Info.plist;
				LD_RUNPATH_SEARCH_PATHS = "$(inherited) @executable_path/Frameworks @loader_path/Frameworks";
				PRODUCT_NAME = "$(TARGET_NAME)";
				TEST_HOST = "$(BUILT_PRODUCTS_DIR)/CustomSlider.app/CustomSlider";
			};
			name = Release;
		};
/* End XCBuildConfiguration section */

/* Begin XCConfigurationList section */
		9B908ADA1B31532300C0116F /* Build configuration list for PBXProject "CustomSlider" */ = {
			isa = XCConfigurationList;
			buildConfigurations = (
				9B908AFC1B31532400C0116F /* Debug */,
				9B908AFD1B31532400C0116F /* Release */,
			);
			defaultConfigurationIsVisible = 0;
			defaultConfigurationName = Release;
		};
		9B908AFE1B31532400C0116F /* Build configuration list for PBXNativeTarget "CustomSlider" */ = {
			isa = XCConfigurationList;
			buildConfigurations = (
				9B908AFF1B31532400C0116F /* Debug */,
				9B908B001B31532400C0116F /* Release */,
			);
			defaultConfigurationIsVisible = 0;
			defaultConfigurationName = Release;
		};
		9B908B011B31532400C0116F /* Build configuration list for PBXNativeTarget "CustomSliderTests" */ = {
			isa = XCConfigurationList;
			buildConfigurations = (
				9B908B021B31532400C0116F /* Debug */,
				9B908B031B31532400C0116F /* Release */,
			);
			defaultConfigurationIsVisible = 0;
			defaultConfigurationName = Release;
		};
/* End XCConfigurationList section */
	};
	rootObject = 9B908AD71B31532300C0116F /* Project object */;
}
